
Microsoft Visual Studio Solution File, Format Version 12.00
Project("{FAE04EC0-301F-11D3-BF4B-00C04F79EFBC}") = "ConstructionService", "ConstructionService\ConstructionService.csproj", "{9D2EF2A0-6757-4B23-B21E-4036C53BFC16}"
EndProject
Project("{FAE04EC0-301F-11D3-BF4B-00C04F79EFBC}") = "DataAccess", "DataAccess\DataAccess.csproj", "{E468DC73-AB5D-4C78-89B6-6BF279B491DE}"
EndProject
Project("{FAE04EC0-301F-11D3-BF4B-00C04F79EFBC}") = "Domain", "Domain\Domain.csproj", "{F2B2BCD2-5F6D-4FB7-8362-CE6ED9630B74}"
EndProject
Project("{FAE04EC0-301F-11D3-BF4B-00C04F79EFBC}") = "Api", "Api\Api.csproj", "{B9078FD2-2D7B-4129-BF21-7BCEC21DF8CD}"
EndProject
Global
	GlobalSection(SolutionConfigurationPlatforms) = preSolution
		Debug|Any CPU = Debug|Any CPU
		Release|Any CPU = Release|Any CPU
	EndGlobalSection
	GlobalSection(ProjectConfigurationPlatforms) = postSolution
		{9D2EF2A0-6757-4B23-B21E-4036C53BFC16}.Debug|Any CPU.ActiveCfg = Debug|Any CPU
		{9D2EF2A0-6757-4B23-B21E-4036C53BFC16}.Debug|Any CPU.Build.0 = Debug|Any CPU
		{9D2EF2A0-6757-4B23-B21E-4036C53BFC16}.Release|Any CPU.ActiveCfg = Release|Any CPU
		{9D2EF2A0-6757-4B23-B21E-4036C53BFC16}.Release|Any CPU.Build.0 = Release|Any CPU
		{E468DC73-AB5D-4C78-89B6-6BF279B491DE}.Debug|Any CPU.ActiveCfg = Debug|Any CPU
		{E468DC73-AB5D-4C78-89B6-6BF279B491DE}.Debug|Any CPU.Build.0 = Debug|Any CPU
		{E468DC73-AB5D-4C78-89B6-6BF279B491DE}.Release|Any CPU.ActiveCfg = Release|Any CPU
		{E468DC73-AB5D-4C78-89B6-6BF279B491DE}.Release|Any CPU.Build.0 = Release|Any CPU
		{F2B2BCD2-5F6D-4FB7-8362-CE6ED9630B74}.Debug|Any CPU.ActiveCfg = Debug|Any CPU
		{F2B2BCD2-5F6D-4FB7-8362-CE6ED9630B74}.Debug|Any CPU.Build.0 = Debug|Any CPU
		{F2B2BCD2-5F6D-4FB7-8362-CE6ED9630B74}.Release|Any CPU.ActiveCfg = Release|Any CPU
		{F2B2BCD2-5F6D-4FB7-8362-CE6ED9630B74}.Release|Any CPU.Build.0 = Release|Any CPU
		{B9078FD2-2D7B-4129-BF21-7BCEC21DF8CD}.Debug|Any CPU.ActiveCfg = Debug|Any CPU
		{B9078FD2-2D7B-4129-BF21-7BCEC21DF8CD}.Debug|Any CPU.Build.0 = Debug|Any CPU
		{B9078FD2-2D7B-4129-BF21-7BCEC21DF8CD}.Release|Any CPU.ActiveCfg = Release|Any CPU
		{B9078FD2-2D7B-4129-BF21-7BCEC21DF8CD}.Release|Any CPU.Build.0 = Release|Any CPU
	EndGlobalSection
EndGlobal
